// !$*UTF8*$!
{
	archiveVersion = 1;
	classes = {
	};
	objectVersion = 46;
	objects = {

/* Begin PBXBuildFile section */
		04E462C41DB88FC00003743D /* AppDelegate.swift in Sources */ = {isa = PBXBuildFile; fileRef = 04E462C31DB88FC00003743D /* AppDelegate.swift */; };
		04E462C61DB88FC00003743D /* ViewController.swift in Sources */ = {isa = PBXBuildFile; fileRef = 04E462C51DB88FC00003743D /* ViewController.swift */; };
		04E462C91DB88FC00003743D /* Main.storyboard in Resources */ = {isa = PBXBuildFile; fileRef = 04E462C71DB88FC00003743D /* Main.storyboard */; };
		04E462CB1DB88FC00003743D /* Assets.xcassets in Resources */ = {isa = PBXBuildFile; fileRef = 04E462CA1DB88FC00003743D /* Assets.xcassets */; };
		04E462CE1DB88FC00003743D /* LaunchScreen.storyboard in Resources */ = {isa = PBXBuildFile; fileRef = 04E462CC1DB88FC00003743D /* LaunchScreen.storyboard */; };
/* End PBXBuildFile section */

/* Begin PBXFileReference section */
		04E462C01DB88FC00003743D /* boutique.app */ = {isa = PBXFileReference; explicitFileType = wrapper.application; includeInIndex = 0; path = boutique.app; sourceTree = BUILT_PRODUCTS_DIR; };
		04E462C31DB88FC00003743D /* AppDelegate.swift */ = {isa = PBXFileReference; lastKnownFileType = sourcecode.swift; path = AppDelegate.swift; sourceTree = "<group>"; };
		04E462C51DB88FC00003743D /* ViewController.swift */ = {isa = PBXFileReference; lastKnownFileType = sourcecode.swift; path = ViewController.swift; sourceTree = "<group>"; };
		04E462C81DB88FC00003743D /* Base */ = {isa = PBXFileReference; lastKnownFileType = file.storyboard; name = Base; path = Base.lproj/Main.storyboard; sourceTree = "<group>"; };
		04E462CA1DB88FC00003743D /* Assets.xcassets */ = {isa = PBXFileReference; lastKnownFileType = folder.assetcatalog; path = Assets.xcassets; sourceTree = "<group>"; };
		04E462CD1DB88FC00003743D /* Base */ = {isa = PBXFileReference; lastKnownFileType = file.storyboard; name = Base; path = Base.lproj/LaunchScreen.storyboard; sourceTree = "<group>"; };
		04E462CF1DB88FC00003743D /* Info.plist */ = {isa = PBXFileReference; lastKnownFileType = text.plist.xml; path = Info.plist; sourceTree = "<group>"; };
/* End PBXFileReference section */

/* Begin PBXFrameworksBuildPhase section */
		04E462BD1DB88FC00003743D /* Frameworks */ = {
			isa = PBXFrameworksBuildPhase;
			buildActionMask = 2147483647;
			files = (
			);
			runOnlyForDeploymentPostprocessing = 0;
		};
/* End PBXFrameworksBuildPhase section */

/* Begin PBXGroup section */
		04E462B71DB88FC00003743D = {
			isa = PBXGroup;
			children = (
				04E462C21DB88FC00003743D /* boutique */,
				04E462C11DB88FC00003743D /* Products */,
			);
			sourceTree = "<group>";
		};
		04E462C11DB88FC00003743D /* Products */ = {
			isa = PBXGroup;
			children = (
				04E462C01DB88FC00003743D /* boutique.app */,
			);
			name = Products;
			sourceTree = "<group>";
		};
		04E462C21DB88FC00003743D /* boutique */ = {
			isa = PBXGroup;
			children = (
				04E462C31DB88FC00003743D /* AppDelegate.swift */,
				04E462C51DB88FC00003743D /* ViewController.swift */,
				04E462C71DB88FC00003743D /* Main.storyboard */,
				04E462CA1DB88FC00003743D /* Assets.xcassets */,
				04E462CC1DB88FC00003743D /* LaunchScreen.storyboard */,
				04E462CF1DB88FC00003743D /* Info.plist */,
			);
			path = boutique;
			sourceTree = "<group>";
		};
/* End PBXGroup section */

/* Begin PBXNativeTarget section */
		04E462BF1DB88FC00003743D /* boutique */ = {
			isa = PBXNativeTarget;
			buildConfigurationList = 04E462D21DB88FC00003743D /* Build configuration list for PBXNativeTarget "boutique" */;
			buildPhases = (
				04E462BC1DB88FC00003743D /* Sources */,
				04E462BD1DB88FC00003743D /* Frameworks */,
				04E462BE1DB88FC00003743D /* Resources */,
			);
			buildRules = (
			);
			dependencies = (
			);
			name = boutique;
			productName = boutique;
			productReference = 04E462C01DB88FC00003743D /* boutique.app */;
			productType = "com.apple.product-type.application";
		};
/* End PBXNativeTarget section */

/* Begin PBXProject section */
		04E462B81DB88FC00003743D /* Project object */ = {
			isa = PBXProject;
			attributes = {
				LastSwiftUpdateCheck = 0800;
				LastUpgradeCheck = 0800;
				ORGANIZATIONNAME = yaya;
				TargetAttributes = {
					04E462BF1DB88FC00003743D = {
						CreatedOnToolsVersion = 8.0;
						DevelopmentTeam = RBNR98LSKP;
						ProvisioningStyle = Automatic;
					};
				};
			};
			buildConfigurationList = 04E462BB1DB88FC00003743D /* Build configuration list for PBXProject "boutique" */;
			compatibilityVersion = "Xcode 3.2";
			developmentRegion = English;
			hasScannedForEncodings = 0;
			knownRegions = (
				en,
				Base,
			);
			mainGroup = 04E462B71DB88FC00003743D;
			productRefGroup = 04E462C11DB88FC00003743D /* Products */;
			projectDirPath = "";
			projectRoot = "";
			targets = (
				04E462BF1DB88FC00003743D /* boutique */,
			);
		};
/* End PBXProject section */

/* Begin PBXResourcesBuildPhase section */
		04E462BE1DB88FC00003743D /* Resources */ = {
			isa = PBXResourcesBuildPhase;
			buildActionMask = 2147483647;
			files = (
				04E462CE1DB88FC00003743D /* LaunchScreen.storyboard in Resources */,
				04E462CB1DB88FC00003743D /* Assets.xcassets in Resources */,
				04E462C91DB88FC00003743D /* Main.storyboard in Resources */,
			);
			runOnlyForDeploymentPostprocessing = 0;
		};
/* End PBXResourcesBuildPhase section */

/* Begin PBXSourcesBuildPhase section */
		04E462BC1DB88FC00003743D /* Sources */ = {
			isa = PBXSourcesBuildPhase;
			buildActionMask = 2147483647;
			files = (
				04E462C61DB88FC00003743D /* ViewController.swift in Sources */,
				04E462C41DB88FC00003743D /* AppDelegate.swift in Sources */,
			);
			runOnlyForDeploymentPostprocessing = 0;
		};
/* End PBXSourcesBuildPhase section */

/* Begin PBXVariantGroup section */
		04E462C71DB88FC00003743D /* Main.storyboard */ = {
			isa = PBXVariantGroup;
			children = (
				04E462C81DB88FC00003743D /* Base */,
			);
			name = Main.storyboard;
			sourceTree = "<group>";
		};
		04E462CC1DB88FC00003743D /* LaunchScreen.storyboard */ = {
			isa = PBXVariantGroup;
			children = (
				04E462CD1DB88FC00003743D /* Base */,
			);
			name = LaunchScreen.storyboard;
			sourceTree = "<group>";
		};
/* End PBXVariantGroup section */

/* Begin XCBuildConfiguration section */
		04E462D01DB88FC00003743D /* Debug */ = {
			isa = XCBuildConfiguration;
			buildSettings = {
				ALWAYS_SEARCH_USER_PATHS = NO;
				CLANG_ANALYZER_NONNULL = YES;
				CLANG_CXX_LANGUAGE_STANDARD = "gnu++0x";
				CLANG_CXX_LIBRARY = "libc++";
				CLANG_ENABLE_MODULES = YES;
				CLANG_ENABLE_OBJC_ARC = YES;
				CLANG_WARN_BOOL_CONVERSION = YES;
				CLANG_WARN_CONSTANT_CONVERSION = YES;
				CLANG_WARN_DIRECT_OBJC_ISA_USAGE = YES_ERROR;
				CLANG_WARN_DOCUMENTATION_COMMENTS = YES;
				CLANG_WARN_EMPTY_BODY = YES;
				CLANG_WARN_ENUM_CONVERSION = YES;
				CLANG_WARN_INFINITE_RECURSION = YES;
				CLANG_WARN_INT_CONVERSION = YES;
				CLANG_WARN_OBJC_ROOT_CLASS = YES_ERROR;
				CLANG_WARN_SUSPICIOUS_MOVES = YES;
				CLANG_WARN_UNREACHABLE_CODE = YES;
				CLANG_WARN__DUPLICATE_METHOD_MATCH = YES;
				"CODE_SIGN_IDENTITY[sdk=iphoneos*]" = "iPhone Developer";
				COPY_PHASE_STRIP = NO;
				DEBUG_INFORMATION_FORMAT = dwarf;
				ENABLE_STRICT_OBJC_MSGSEND = YES;
				ENABLE_TESTABILITY = YES;
				GCC_C_LANGUAGE_STANDARD = gnu99;
				GCC_DYNAMIC_NO_PIC = NO;
				GCC_NO_COMMON_BLOCKS = YES;
				GCC_OPTIMIZATION_LEVEL = 0;
				GCC_PREPROCESSOR_DEFINITIONS = (
					"DEBUG=1",
					"$(inherited)",
				);
				GCC_WARN_64_TO_32_BIT_CONVERSION = YES;
				GCC_WARN_ABOUT_RETURN_TYPE = YES_ERROR;
				GCC_WARN_UNDECLARED_SELECTOR = YES;
				GCC_WARN_UNINITIALIZED_AUTOS = YES_AGGRESSIVE;
				GCC_WARN_UNUSED_FUNCTION = YES;
				GCC_WARN_UNUSED_VARIABLE = YES;
				IPHONEOS_DEPLOYMENT_TARGET = 10.0;
				MTL_ENABLE_DEBUG_INFO = YES;
				ONLY_ACTIVE_ARCH = YES;
				SDKROOT = iphoneos;
				SWIFT_ACTIVE_COMPILATION_CONDITIONS = DEBUG;
				SWIFT_OPTIMIZATION_LEVEL = "-Onone";
			};
			name = Debug;
		};
		04E462D11DB88FC00003743D /* Release */ = {
			isa = XCBuildConfiguration;
			buildSettings = {
				ALWAYS_SEARCH_USER_PATHS = NO;
				CLANG_ANALYZER_NONNULL = YES;
				CLANG_CXX_LANGUAGE_STANDARD = "gnu++0x";
				CLANG_CXX_LIBRARY = "libc++";
				CLANG_ENABLE_MODULES = YES;
				CLANG_ENABLE_OBJC_ARC = YES;
				CLANG_WARN_BOOL_CONVERSION = YES;
				CLANG_WARN_CONSTANT_CONVERSION = YES;
				CLANG_WARN_DIRECT_OBJC_ISA_USAGE = YES_ERROR;
				CLANG_WARN_DOCUMENTATION_COMMENTS = YES;
				CLANG_WARN_EMPTY_BODY = YES;
				CLANG_WARN_ENUM_CONVERSION = YES;
				CLANG_WARN_INFINITE_RECURSION = YES;
				CLANG_WARN_INT_CONVERSION = YES;
				CLANG_WARN_OBJC_ROOT_CLASS = YES_ERROR;
				CLANG_WARN_SUSPICIOUS_MOVES = YES;
				CLANG_WARN_UNREACHABLE_CODE = YES;
				CLANG_WARN__DUPLICATE_METHOD_MATCH = YES;
				"CODE_SIGN_IDENTITY[sdk=iphoneos*]" = "iPhone Developer";
				COPY_PHASE_STRIP = NO;
				DEBUG_INFORMATION_FORMAT = "dwarf-with-dsym";
				ENABLE_NS_ASSERTIONS = NO;
				ENABLE_STRICT_OBJC_MSGSEND = YES;
				GCC_C_LANGUAGE_STANDARD = gnu99;
				GCC_NO_COMMON_BLOCKS = YES;
				GCC_WARN_64_TO_32_BIT_CONVERSION = YES;
				GCC_WARN_ABOUT_RETURN_TYPE = YES_ERROR;
				GCC_WARN_UNDECLARED_SELECTOR = YES;
				GCC_WARN_UNINITIALIZED_AUTOS = YES_AGGRESSIVE;
				GCC_WARN_UNUSED_FUNCTION = YES;
				GCC_WARN_UNUSED_VARIABLE = YES;
				IPHONEOS_DEPLOYMENT_TARGET = 10.0;
				MTL_ENABLE_DEBUG_INFO = NO;
				SDKROOT = iphoneos;
				SWIFT_OPTIMIZATION_LEVEL = "-Owholemodule";
				VALIDATE_PRODUCT = YES;
			};
			name = Release;
		};
		04E462D31DB88FC00003743D /* Debug */ = {
			isa = XCBuildConfiguration;
			buildSettings = {
				ASSETCATALOG_COMPILER_APPICON_NAME = AppIcon;
				DEVELOPMENT_TEAM = RBNR98LSKP;
				INFOPLIST_FILE = boutique/Info.plist;
				LD_RUNPATH_SEARCH_PATHS = "$(inherited) @executable_path/Frameworks";
				PRODUCT_BUNDLE_IDENTIFIER = com.yaya.boutique;
				PRODUCT_NAME = "$(TARGET_NAME)";
				SWIFT_VERSION = 3.0;
			};
			name = Debug;
		};
		04E462D41DB88FC00003743D /* Release */ = {
			isa = XCBuildConfiguration;
			buildSettings = {
				ASSETCATALOG_COMPILER_APPICON_NAME = AppIcon;
				DEVELOPMENT_TEAM = RBNR98LSKP;
				INFOPLIST_FILE = boutique/Info.plist;
				LD_RUNPATH_SEARCH_PATHS = "$(inherited) @executable_path/Frameworks";
				PRODUCT_BUNDLE_IDENTIFIER = com.yaya.boutique;
				PRODUCT_NAME = "$(TARGET_NAME)";
				SWIFT_VERSION = 3.0;
			};
			name = Release;
		};
/* End XCBuildConfiguration section */

/* Begin XCConfigurationList section */
		04E462BB1DB88FC00003743D /* Build configuration list for PBXProject "boutique" */ = {
			isa = XCConfigurationList;
			buildConfigurations = (
				04E462D01DB88FC00003743D /* Debug */,
				04E462D11DB88FC00003743D /* Release */,
			);
			defaultConfigurationIsVisible = 0;
			defaultConfigurationName = Release;
		};
		04E462D21DB88FC00003743D /* Build configuration list for PBXNativeTarget "boutique" */ = {
			isa = XCConfigurationList;
			buildConfigurations = (
				04E462D31DB88FC00003743D /* Debug */,
				04E462D41DB88FC00003743D /* Release */,
			);
			defaultConfigurationIsVisible = 0;
		};
/* End XCConfigurationList section */
	};
	rootObject = 04E462B81DB88FC00003743D /* Project object */;
}
